
Microsoft Visual Studio Solution File, Format Version 12.00
# Visual Studio Version 16
VisualStudioVersion = 16.0.30611.23
MinimumVisualStudioVersion = 10.0.40219.1
Project("{FAE04EC0-301F-11D3-BF4B-00C04F79EFBC}") = "TemporaryMailApp", "TemporaryMailApp\TemporaryMailApp.csproj", "{D7AE687B-0245-433A-849C-32CD28CA6E31}"
EndProject
Global
	GlobalSection(SolutionConfigurationPlatforms) = preSolution
		Debug|Any CPU = Debug|Any CPU
		Release|Any CPU = Release|Any CPU
	EndGlobalSection
	GlobalSection(ProjectConfigurationPlatforms) = postSolution
		{D7AE687B-0245-433A-849C-32CD28CA6E31}.Debug|Any CPU.ActiveCfg = Debug|Any CPU
		{D7AE687B-0245-433A-849C-32CD28CA6E31}.Debug|Any CPU.Build.0 = Debug|Any CPU
		{D7AE687B-0245-433A-849C-32CD28CA6E31}.Release|Any CPU.ActiveCfg = Release|Any CPU
		{D7AE687B-0245-433A-849C-32CD28CA6E31}.Release|Any CPU.Build.0 = Release|Any CPU
	EndGlobalSection
	GlobalSection(SolutionProperties) = preSolution
		HideSolutionNode = FALSE
	EndGlobalSection
	GlobalSection(ExtensibilityGlobals) = postSolution
		SolutionGuid = {A79D08A0-8577-4933-A9EF-143BD80C7F9B}
	EndGlobalSection
EndGlobal
